# @generated - this file is auto-generated by `mise lock` https://mise.jdx.dev/dev-tools/mise-lock.html

[[tools.hugo]]
version = "0.164.0"
backend = "aqua:gohugoio/hugo"

[tools.hugo."platforms.linux-arm64"]
checksum = "sha256:948ee5f0ed30175f31937d592d63a2712f0761a69f1cbe812f780eb918a08b8e"
url = "https://github.com/gohugoio/hugo/releases/download/v0.164.0/hugo_0.164.0_linux-arm64.tar.gz"
url_api = "https://api.github.com/repos/gohugoio/hugo/releases/assets/468320173"

[tools.hugo."platforms.linux-arm64-musl"]
checksum = "sha256:948ee5f0ed30175f31937d592d63a2712f0761a69f1cbe812f780eb918a08b8e"
url = "https://github.com/gohugoio/hugo/releases/download/v0.164.0/hugo_0.164.0_linux-arm64.tar.gz"
url_api = "https://api.github.com/repos/gohugoio/hugo/releases/assets/468320173"

[tools.hugo."platforms.linux-x64"]
checksum = "sha256:d9c8b17285ea4ec004d9f814273ea910f2051ce02c284993fd1f91ba455ae50d"
url = "https://github.com/gohugoio/hugo/releases/download/v0.164.0/hugo_0.164.0_linux-amd64.tar.gz"
url_api = "https://api.github.com/repos/gohugoio/hugo/releases/assets/468320170"

[tools.hugo."platforms.linux-x64-musl"]
checksum = "sha256:d9c8b17285ea4ec004d9f814273ea910f2051ce02c284993fd1f91ba455ae50d"
url = "https://github.com/gohugoio/hugo/releases/download/v0.164.0/hugo_0.164.0_linux-amd64.tar.gz"
url_api = "https://api.github.com/repos/gohugoio/hugo/releases/assets/468320170"

[tools.hugo."platforms.macos-arm64"]
checksum = "sha256:c994e2cc6946838bb76521039509a7ce71282827e7035e344b6c225a83a5d0d3"
url = "https://github.com/gohugoio/hugo/releases/download/v0.164.0/hugo_0.164.0_darwin-universal.pkg"
url_api = "https://api.github.com/repos/gohugoio/hugo/releases/assets/468320272"

[tools.hugo."platforms.macos-x64"]
checksum = "sha256:c994e2cc6946838bb76521039509a7ce71282827e7035e344b6c225a83a5d0d3"
url = "https://github.com/gohugoio/hugo/releases/download/v0.164.0/hugo_0.164.0_darwin-universal.pkg"
url_api = "https://api.github.com/repos/gohugoio/hugo/releases/assets/468320272"

[tools.hugo."platforms.windows-x64"]
checksum = "sha256:dadf3499d4c6a27f6bc9d56d5a992ba62d82a74a3771fcc165c364ec1eeaac1c"
url = "https://github.com/gohugoio/hugo/releases/download/v0.164.0/hugo_0.164.0_windows-amd64.zip"
url_api = "https://api.github.com/repos/gohugoio/hugo/releases/assets/468320283"

[[tools.lychee]]
version = "0.24.2"
backend = "aqua:lycheeverse/lychee"

[tools.lychee."platforms.linux-arm64"]
checksum = "sha256:5d0b0e3aeab240f41920c633a6eaf97599be6eedda034b36e858ede7dba5e535"
url = "https://github.com/lycheeverse/lychee/releases/download/lychee-v0.24.2/lychee-aarch64-unknown-linux-musl.tar.gz"
url_api = "https://api.github.com/repos/lycheeverse/lychee/releases/assets/409958602"

[tools.lychee."platforms.linux-arm64-musl"]
checksum = "sha256:5d0b0e3aeab240f41920c633a6eaf97599be6eedda034b36e858ede7dba5e535"
url = "https://github.com/lycheeverse/lychee/releases/download/lychee-v0.24.2/lychee-aarch64-unknown-linux-musl.tar.gz"
url_api = "https://api.github.com/repos/lycheeverse/lychee/releases/assets/409958602"

[tools.lychee."platforms.linux-x64"]
checksum = "sha256:73657a111819a30c47c08352896796f23d64e4eb2b3ed39b6d32149241566fc5"
url = "https://github.com/lycheeverse/lychee/releases/download/lychee-v0.24.2/lychee-x86_64-unknown-linux-musl.tar.gz"
url_api = "https://api.github.com/repos/lycheeverse/lychee/releases/assets/409959271"

[tools.lychee."platforms.linux-x64-musl"]
checksum = "sha256:73657a111819a30c47c08352896796f23d64e4eb2b3ed39b6d32149241566fc5"
url = "https://github.com/lycheeverse/lychee/releases/download/lychee-v0.24.2/lychee-x86_64-unknown-linux-musl.tar.gz"
url_api = "https://api.github.com/repos/lycheeverse/lychee/releases/assets/409959271"

[tools.lychee."platforms.macos-arm64"]
checksum = "sha256:c9d3740ea2d891854d37116c9fba840f37b6e7c89d330e7db84ac333631c4977"
url = "https://github.com/lycheeverse/lychee/releases/download/lychee-v0.24.2/lychee-aarch64-apple-darwin.tar.gz"
url_api = "https://api.github.com/repos/lycheeverse/lychee/releases/assets/409957951"

[tools.lychee."platforms.macos-x64"]
checksum = "sha256:887503a9cff667d322b8d0892b40bf49976eb9507af8483220a3706cdad55978"
url = "https://github.com/lycheeverse/lychee/releases/download/lychee-v0.24.2/lychee-x86_64-apple-darwin.tar.gz"
url_api = "https://api.github.com/repos/lycheeverse/lychee/releases/assets/409957687"

[tools.lychee."platforms.windows-x64"]
checksum = "sha256:32975d1493ee1a975d6bb41e4fb56fe419cb442ded628bb772ba2e614acfacad"
url = "https://github.com/lycheeverse/lychee/releases/download/lychee-v0.24.2/lychee-x86_64-pc-windows-msvc.zip"
url_api = "https://api.github.com/repos/lycheeverse/lychee/releases/assets/409959491"
