# @generated - this file is auto-generated by `mise lock` https://mise.jdx.dev/dev-tools/mise-lock.html

[[tools.hugo]]
version = "0.161.1"
backend = "aqua:gohugoio/hugo"

[tools.hugo."platforms.linux-arm64"]
checksum = "sha256:382371ec3208236fb854ced51781f859b6c27a7d066b8fe90594eba14ba76d00"
url = "https://github.com/gohugoio/hugo/releases/download/v0.161.1/hugo_0.161.1_linux-arm64.tar.gz"

[tools.hugo."platforms.linux-arm64-musl"]
checksum = "sha256:382371ec3208236fb854ced51781f859b6c27a7d066b8fe90594eba14ba76d00"
url = "https://github.com/gohugoio/hugo/releases/download/v0.161.1/hugo_0.161.1_linux-arm64.tar.gz"

[tools.hugo."platforms.linux-x64"]
checksum = "sha256:fae28bf7909c1a42d1365b89d2e9e3d4194fbe5968ae0dd5504f562381018a1d"
url = "https://github.com/gohugoio/hugo/releases/download/v0.161.1/hugo_0.161.1_linux-amd64.tar.gz"

[tools.hugo."platforms.linux-x64-musl"]
checksum = "sha256:fae28bf7909c1a42d1365b89d2e9e3d4194fbe5968ae0dd5504f562381018a1d"
url = "https://github.com/gohugoio/hugo/releases/download/v0.161.1/hugo_0.161.1_linux-amd64.tar.gz"

[tools.hugo."platforms.macos-arm64"]
checksum = "sha256:b12e1cbebacf61f9cf67e0046c835142e70c829da7c16b05c1ec64a68885ee80"
url = "https://github.com/gohugoio/hugo/releases/download/v0.161.1/hugo_0.161.1_darwin-universal.pkg"

[tools.hugo."platforms.macos-x64"]
checksum = "sha256:b12e1cbebacf61f9cf67e0046c835142e70c829da7c16b05c1ec64a68885ee80"
url = "https://github.com/gohugoio/hugo/releases/download/v0.161.1/hugo_0.161.1_darwin-universal.pkg"

[tools.hugo."platforms.windows-x64"]
checksum = "sha256:7f8d030b37600c60bf2a782611257e6a768934fbe7724c1f3a1a501e6724cf0d"
url = "https://github.com/gohugoio/hugo/releases/download/v0.161.1/hugo_0.161.1_windows-amd64.zip"

[[tools.lychee]]
version = "0.23.0"
backend = "aqua:lycheeverse/lychee"

[tools.lychee."platforms.linux-arm64"]
checksum = "sha256:97eb93b02a7d78a752fc33e5b0983439ccaadbf3db952b68a0a4401acd92e6e0"
url = "https://github.com/lycheeverse/lychee/releases/download/lychee-v0.23.0/lychee-aarch64-unknown-linux-gnu.tar.gz"

[tools.lychee."platforms.linux-arm64-musl"]
checksum = "sha256:97eb93b02a7d78a752fc33e5b0983439ccaadbf3db952b68a0a4401acd92e6e0"
url = "https://github.com/lycheeverse/lychee/releases/download/lychee-v0.23.0/lychee-aarch64-unknown-linux-gnu.tar.gz"

[tools.lychee."platforms.linux-x64"]
checksum = "sha256:5538440d2c69a45a0a09983271e5dee0c2fe7137d8035d25b2632e10a66a090a"
url = "https://github.com/lycheeverse/lychee/releases/download/lychee-v0.23.0/lychee-x86_64-unknown-linux-musl.tar.gz"

[tools.lychee."platforms.linux-x64-musl"]
checksum = "sha256:5538440d2c69a45a0a09983271e5dee0c2fe7137d8035d25b2632e10a66a090a"
url = "https://github.com/lycheeverse/lychee/releases/download/lychee-v0.23.0/lychee-x86_64-unknown-linux-musl.tar.gz"

[tools.lychee."platforms.macos-arm64"]
checksum = "sha256:4c8034900e11083b68ac6f6582c377ff1f704e268991999e09d717973e493e7f"
url = "https://github.com/lycheeverse/lychee/releases/download/lychee-v0.23.0/lychee-arm64-macos.dmg"

[tools.lychee."platforms.windows-x64"]
checksum = "sha256:0fda7ff0a60c0250939fc25361c2d4e6e7853c31c996733fdd5a1dd760bcb824"
url = "https://github.com/lycheeverse/lychee/releases/download/lychee-v0.23.0/lychee-x86_64-windows.exe"
